
Microsoft Visual Studio Solution File, Format Version 12.00
# Visual Studio 15
VisualStudioVersion = 15.0.28010.2050
MinimumVisualStudioVersion = 10.0.40219.1
Project("{FAE04EC0-301F-11D3-BF4B-00C04F79EFBC}") = "Part3", "Part3\Part3.csproj", "{7277C0AC-BD70-4AB1-9098-2AB7A4954ABF}"
EndProject
Global
	GlobalSection(SolutionConfigurationPlatforms) = preSolution
		Debug|Any CPU = Debug|Any CPU
		Release|Any CPU = Release|Any CPU
	EndGlobalSection
	GlobalSection(ProjectConfigurationPlatforms) = postSolution
		{7277C0AC-BD70-4AB1-9098-2AB7A4954ABF}.Debug|Any CPU.ActiveCfg = Debug|Any CPU
		{7277C0AC-BD70-4AB1-9098-2AB7A4954ABF}.Debug|Any CPU.Build.0 = Debug|Any CPU
		{7277C0AC-BD70-4AB1-9098-2AB7A4954ABF}.Release|Any CPU.ActiveCfg = Release|Any CPU
		{7277C0AC-BD70-4AB1-9098-2AB7A4954ABF}.Release|Any CPU.Build.0 = Release|Any CPU
	EndGlobalSection
	GlobalSection(SolutionProperties) = preSolution
		HideSolutionNode = FALSE
	EndGlobalSection
	GlobalSection(ExtensibilityGlobals) = postSolution
		SolutionGuid = {5F09CFD6-69D5-4F09-B526-7BB1D192F6AF}
	EndGlobalSection
EndGlobal
